{
  "name": "explore-formal-js-targets",
  "version": "0.0.0",
  "lockfileVersion": 3,
  "requires": true,
  "packages": {
    "": {
      "name": "explore-formal-js-targets",
      "version": "0.0.0",
      "dependencies": {
        "bignumber.js": "^9.1.2",
        "ses": "^1.10.0"
      }
    },
    "node_modules/@endo/cache-map": {
      "version": "1.1.0",
      "resolved": "https://registry.npmjs.org/@endo/cache-map/-/cache-map-1.1.0.tgz",
      "integrity": "sha512-owFGshs/97PDw9oguZqU/px8Lv1d0KjAUtDUiPwKHNXRVUE/jyettEbRoTbNJR1OaI8biMn6bHr9kVJsOh6dXw==",
      "license": "Apache-2.0"
    },
    "node_modules/@endo/env-options": {
      "version": "1.1.11",
      "resolved": "https://registry.npmjs.org/@endo/env-options/-/env-options-1.1.11.tgz",
      "integrity": "sha512-p9OnAPsdqoX4YJsE98e3NBVhIr2iW9gNZxHhAI2/Ul5TdRfoOViItzHzTqrgUVopw6XxA1u1uS6CykLMDUxarA==",
      "license": "Apache-2.0"
    },
    "node_modules/@endo/immutable-arraybuffer": {
      "version": "1.1.2",
      "resolved": "https://registry.npmjs.org/@endo/immutable-arraybuffer/-/immutable-arraybuffer-1.1.2.tgz",
      "integrity": "sha512-u+NaYB2aqEugQ3u7w3c5QNkPogf8q/xGgsPaqdY6pUiGWtYiTiFspKFcha6+oeZhWXWQ23rf0KrUq0kfuzqYyQ==",
      "license": "Apache-2.0"
    },
    "node_modules/bignumber.js": {
      "version": "9.3.1",
      "resolved": "https://registry.npmjs.org/bignumber.js/-/bignumber.js-9.3.1.tgz",
      "integrity": "sha512-Ko0uX15oIUS7wJ3Rb30Fs6SkVbLmPBAKdlm7q9+ak9bbIeFf0MwuBsQV6z7+X768/cHsfg+WlysDWJcmthjsjQ==",
      "license": "MIT",
      "engines": {
        "node": "*"
      }
    },
    "node_modules/ses": {
      "version": "1.15.0",
      "resolved": "https://registry.npmjs.org/ses/-/ses-1.15.0.tgz",
      "integrity": "sha512-Y7RvgVXhkwQEqVActNn44QBxB2BCUbPfexAaMiUFjbJkDXDnxPisQC5jYQeWOZ3QBOfecnmLfPn0sQKLiYGBAQ==",
      "license": "Apache-2.0",
      "dependencies": {
        "@endo/cache-map": "^1.1.0",
        "@endo/env-options": "^1.1.11",
        "@endo/immutable-arraybuffer": "^1.1.2"
      }
    }
  }
}
