{
  "name": "explore-formal-js-targets",
  "version": "0.0.0",
  "lockfileVersion": 3,
  "requires": true,
  "packages": {
    "": {
      "name": "explore-formal-js-targets",
      "version": "0.0.0",
      "dependencies": {
        "@endo/bundle-source": "^4.3.0",
        "@endo/import-bundle": "^1.6.1",
        "bignumber.js": "^9.1.2",
        "ses": "^1.10.0"
      }
    },
    "node_modules/@babel/code-frame": {
      "version": "7.29.0",
      "resolved": "https://registry.npmjs.org/@babel/code-frame/-/code-frame-7.29.0.tgz",
      "integrity": "sha512-9NhCeYjq9+3uxgdtp20LSiJXJvN0FeCtNGpJxuMFZ1Kv3cWUNb6DOhJwUvcVCzKGR66cw4njwM6hrJLqgOwbcw==",
      "license": "MIT",
      "dependencies": {
        "@babel/helper-validator-identifier": "^7.28.5",
        "js-tokens": "^4.0.0",
        "picocolors": "^1.1.1"
      },
      "engines": {
        "node": ">=6.9.0"
      }
    },
    "node_modules/@babel/generator": {
      "version": "7.29.1",
      "resolved": "https://registry.npmjs.org/@babel/generator/-/generator-7.29.1.tgz",
      "integrity": "sha512-qsaF+9Qcm2Qv8SRIMMscAvG4O3lJ0F1GuMo5HR/Bp02LopNgnZBC/EkbevHFeGs4ls/oPz9v+Bsmzbkbe+0dUw==",
      "license": "MIT",
      "dependencies": {
        "@babel/parser": "^7.29.0",
        "@babel/types": "^7.29.0",
        "@jridgewell/gen-mapping": "^0.3.12",
        "@jridgewell/trace-mapping": "^0.3.28",
        "jsesc": "^3.0.2"
      },
      "engines": {
        "node": ">=6.9.0"
      }
    },
    "node_modules/@babel/generator/node_modules/@babel/parser": {
      "version": "7.29.3",
      "resolved": "https://registry.npmjs.org/@babel/parser/-/parser-7.29.3.tgz",
      "integrity": "sha512-b3ctpQwp+PROvU/cttc4OYl4MzfJUWy6FZg+PMXfzmt/+39iHVF0sDfqay8TQM3JA2EUOyKcFZt75jWriQijsA==",
      "license": "MIT",
      "dependencies": {
        "@babel/types": "^7.29.0"
      },
      "bin": {
        "parser": "bin/babel-parser.js"
      },
      "engines": {
        "node": ">=6.0.0"
      }
    },
    "node_modules/@babel/helper-globals": {
      "version": "7.28.0",
      "resolved": "https://registry.npmjs.org/@babel/helper-globals/-/helper-globals-7.28.0.tgz",
      "integrity": "sha512-+W6cISkXFa1jXsDEdYA8HeevQT/FULhxzR99pxphltZcVaugps53THCeiWA8SguxxpSp3gKPiuYfSWopkLQ4hw==",
      "license": "MIT",
      "engines": {
        "node": ">=6.9.0"
      }
    },
    "node_modules/@babel/helper-string-parser": {
      "version": "7.27.1",
      "resolved": "https://registry.npmjs.org/@babel/helper-string-parser/-/helper-string-parser-7.27.1.tgz",
      "integrity": "sha512-qMlSxKbpRlAridDExk92nSobyDdpPijUq2DW6oDnUqd0iOGxmQjyqhMIihI9+zv4LPyZdRje2cavWPbCbWm3eA==",
      "license": "MIT",
      "engines": {
        "node": ">=6.9.0"
      }
    },
    "node_modules/@babel/helper-validator-identifier": {
      "version": "7.28.5",
      "resolved": "https://registry.npmjs.org/@babel/helper-validator-identifier/-/helper-validator-identifier-7.28.5.tgz",
      "integrity": "sha512-qSs4ifwzKJSV39ucNjsvc6WVHs6b7S03sOh2OcHF9UHfVPqWWALUsNUVzhSBiItjRZoLHx7nIarVjqKVusUZ1Q==",
      "license": "MIT",
      "engines": {
        "node": ">=6.9.0"
      }
    },
    "node_modules/@babel/parser": {
      "version": "7.28.6",
      "resolved": "https://registry.npmjs.org/@babel/parser/-/parser-7.28.6.tgz",
      "integrity": "sha512-TeR9zWR18BvbfPmGbLampPMW+uW1NZnJlRuuHso8i87QZNq2JRF9i6RgxRqtEq+wQGsS19NNTWr2duhnE49mfQ==",
      "license": "MIT",
      "dependencies": {
        "@babel/types": "^7.28.6"
      },
      "bin": {
        "parser": "bin/babel-parser.js"
      },
      "engines": {
        "node": ">=6.0.0"
      }
    },
    "node_modules/@babel/template": {
      "version": "7.28.6",
      "resolved": "https://registry.npmjs.org/@babel/template/-/template-7.28.6.tgz",
      "integrity": "sha512-YA6Ma2KsCdGb+WC6UpBVFJGXL58MDA6oyONbjyF/+5sBgxY/dwkhLogbMT2GXXyU84/IhRw/2D1Os1B/giz+BQ==",
      "license": "MIT",
      "dependencies": {
        "@babel/code-frame": "^7.28.6",
        "@babel/parser": "^7.28.6",
        "@babel/types": "^7.28.6"
      },
      "engines": {
        "node": ">=6.9.0"
      }
    },
    "node_modules/@babel/traverse": {
      "version": "7.28.6",
      "resolved": "https://registry.npmjs.org/@babel/traverse/-/traverse-7.28.6.tgz",
      "integrity": "sha512-fgWX62k02qtjqdSNTAGxmKYY/7FSL9WAS1o2Hu5+I5m9T0yxZzr4cnrfXQ/MX0rIifthCSs6FKTlzYbJcPtMNg==",
      "license": "MIT",
      "dependencies": {
        "@babel/code-frame": "^7.28.6",
        "@babel/generator": "^7.28.6",
        "@babel/helper-globals": "^7.28.0",
        "@babel/parser": "^7.28.6",
        "@babel/template": "^7.28.6",
        "@babel/types": "^7.28.6",
        "debug": "^4.3.1"
      },
      "engines": {
        "node": ">=6.9.0"
      }
    },
    "node_modules/@babel/types": {
      "version": "7.29.0",
      "resolved": "https://registry.npmjs.org/@babel/types/-/types-7.29.0.tgz",
      "integrity": "sha512-LwdZHpScM4Qz8Xw2iKSzS+cfglZzJGvofQICy7W7v4caru4EaAmyUuO6BGrbyQ2mYV11W0U8j5mBhd14dd3B0A==",
      "license": "MIT",
      "dependencies": {
        "@babel/helper-string-parser": "^7.27.1",
        "@babel/helper-validator-identifier": "^7.28.5"
      },
      "engines": {
        "node": ">=6.9.0"
      }
    },
    "node_modules/@endo/base64": {
      "version": "1.0.12",
      "resolved": "https://registry.npmjs.org/@endo/base64/-/base64-1.0.12.tgz",
      "integrity": "sha512-opxoUVA4GuibR5S3CVFo8iyrYrXjN0XWJQSr9EKj4A8viQAcRm/7IQtyoF26F9PFgY3r11ihBswBMZUySnfXkg==",
      "license": "Apache-2.0"
    },
    "node_modules/@endo/bundle-source": {
      "version": "4.3.0",
      "resolved": "https://registry.npmjs.org/@endo/bundle-source/-/bundle-source-4.3.0.tgz",
      "integrity": "sha512-2mhIYFDESTAnP0/eI7aJkvz5KF18cdox9yxoTiQ0Gaf6Qk6Ms47Q02z7xlrKw8UqpuVkMWnANTqx39t9GTuo5g==",
      "license": "Apache-2.0",
      "dependencies": {
        "@endo/base64": "^1.0.12",
        "@endo/compartment-mapper": "^2.1.0",
        "@endo/evasive-transform": "^2.1.0",
        "@endo/harden": "^1.1.0",
        "@endo/init": "^1.1.13",
        "@endo/promise-kit": "^1.2.1",
        "@endo/where": "^1.0.11",
        "ts-blank-space": "^0.6.1"
      },
      "bin": {
        "bundle-source": "src/tool.js"
      }
    },
    "node_modules/@endo/cache-map": {
      "version": "1.1.0",
      "resolved": "https://registry.npmjs.org/@endo/cache-map/-/cache-map-1.1.0.tgz",
      "integrity": "sha512-owFGshs/97PDw9oguZqU/px8Lv1d0KjAUtDUiPwKHNXRVUE/jyettEbRoTbNJR1OaI8biMn6bHr9kVJsOh6dXw==",
      "license": "Apache-2.0"
    },
    "node_modules/@endo/cjs-module-analyzer": {
      "version": "1.0.11",
      "resolved": "https://registry.npmjs.org/@endo/cjs-module-analyzer/-/cjs-module-analyzer-1.0.11.tgz",
      "integrity": "sha512-zS+SjeUN4y7Ry7l0DSME05gUekLrfIZnhZ66q+1674BkQc4dk1eub2ZLgPDGoXOrBLtcadc7yxHwazilmMoQLQ==",
      "license": "Apache-2.0"
    },
    "node_modules/@endo/compartment-mapper": {
      "version": "2.1.0",
      "resolved": "https://registry.npmjs.org/@endo/compartment-mapper/-/compartment-mapper-2.1.0.tgz",
      "integrity": "sha512-HjxuLghuZ7JlDx7zAmGQ6fIlQYq/UcrlLH+5Rcc0S+dzOKhr+DOaLpov+AxrI9ub9Y2+40y+S7v6jEtsKfh61A==",
      "license": "Apache-2.0",
      "dependencies": {
        "@endo/cjs-module-analyzer": "^1.0.11",
        "@endo/module-source": "^1.4.1",
        "@endo/path-compare": "^1.1.0",
        "@endo/trampoline": "^1.0.5",
        "@endo/zip": "^1.1.0",
        "ses": "^2.0.0"
      }
    },
    "node_modules/@endo/compartment-mapper/node_modules/ses": {
      "version": "2.0.0",
      "resolved": "https://registry.npmjs.org/ses/-/ses-2.0.0.tgz",
      "integrity": "sha512-Avcinq9dg/LS5W3YW+eRcpolfI0jXP4OsM/JJKCqyqHygUCqpNSsfn8YoNBmfyN2DkSMqjpbWvWPlfY1Jr4oXw==",
      "license": "Apache-2.0",
      "dependencies": {
        "@endo/cache-map": "^1.1.0",
        "@endo/env-options": "^1.1.11",
        "@endo/immutable-arraybuffer": "^1.1.2"
      }
    },
    "node_modules/@endo/env-options": {
      "version": "1.1.11",
      "resolved": "https://registry.npmjs.org/@endo/env-options/-/env-options-1.1.11.tgz",
      "integrity": "sha512-p9OnAPsdqoX4YJsE98e3NBVhIr2iW9gNZxHhAI2/Ul5TdRfoOViItzHzTqrgUVopw6XxA1u1uS6CykLMDUxarA==",
      "license": "Apache-2.0"
    },
    "node_modules/@endo/errors": {
      "version": "1.3.1",
      "resolved": "https://registry.npmjs.org/@endo/errors/-/errors-1.3.1.tgz",
      "integrity": "sha512-AmR2DSiahQR66SHlEczNWe0eUotMYE2uDwxPj9fAY2l2lovwHWGzZKXNXdQP/u62c8vetU8mG98Mh5vRZEvFTg==",
      "license": "Apache-2.0",
      "dependencies": {
        "@endo/harden": "^1.1.0",
        "ses": "^2.0.0"
      }
    },
    "node_modules/@endo/errors/node_modules/ses": {
      "version": "2.0.0",
      "resolved": "https://registry.npmjs.org/ses/-/ses-2.0.0.tgz",
      "integrity": "sha512-Avcinq9dg/LS5W3YW+eRcpolfI0jXP4OsM/JJKCqyqHygUCqpNSsfn8YoNBmfyN2DkSMqjpbWvWPlfY1Jr4oXw==",
      "license": "Apache-2.0",
      "dependencies": {
        "@endo/cache-map": "^1.1.0",
        "@endo/env-options": "^1.1.11",
        "@endo/immutable-arraybuffer": "^1.1.2"
      }
    },
    "node_modules/@endo/evasive-transform": {
      "version": "2.1.0",
      "resolved": "https://registry.npmjs.org/@endo/evasive-transform/-/evasive-transform-2.1.0.tgz",
      "integrity": "sha512-7Ui5NjHzW9mq6UT94Xf0vKAHIdxJKVtiH6nK2zQMqugUkNzjE0On7hytn/ZNd+o9726WnxqvEB3RdpZgsVAHQQ==",
      "license": "Apache-2.0",
      "dependencies": {
        "@babel/generator": "^7.28.3",
        "@babel/parser": "~7.28.3",
        "@babel/traverse": "~7.28.3"
      }
    },
    "node_modules/@endo/eventual-send": {
      "version": "1.5.0",
      "resolved": "https://registry.npmjs.org/@endo/eventual-send/-/eventual-send-1.5.0.tgz",
      "integrity": "sha512-mIRewS15mk+oV8y7kszyE0KWHZAlVoe98bEo/WJFJvBv1Rd83IjnofbuZcyWToWd70vgCxfkutWRJBK2Xtwd5A==",
      "license": "Apache-2.0",
      "dependencies": {
        "@endo/env-options": "^1.1.11",
        "@endo/harden": "^1.1.0"
      }
    },
    "node_modules/@endo/harden": {
      "version": "1.1.0",
      "resolved": "https://registry.npmjs.org/@endo/harden/-/harden-1.1.0.tgz",
      "integrity": "sha512-d0CF7EVqymx9YUbkRI2sj10NrMLhrpmsaq5aBbEEbWDFxNe7F/mM8Gv8zT+iHErKEfeMCId90n5mk665SnxrRA==",
      "license": "Apache-2.0"
    },
    "node_modules/@endo/immutable-arraybuffer": {
      "version": "1.1.2",
      "resolved": "https://registry.npmjs.org/@endo/immutable-arraybuffer/-/immutable-arraybuffer-1.1.2.tgz",
      "integrity": "sha512-u+NaYB2aqEugQ3u7w3c5QNkPogf8q/xGgsPaqdY6pUiGWtYiTiFspKFcha6+oeZhWXWQ23rf0KrUq0kfuzqYyQ==",
      "license": "Apache-2.0"
    },
    "node_modules/@endo/import-bundle": {
      "version": "1.6.1",
      "resolved": "https://registry.npmjs.org/@endo/import-bundle/-/import-bundle-1.6.1.tgz",
      "integrity": "sha512-uOKqXq0U0OqLYGyylrMmV/v915+LJfByFC3zT2u/qglf9ap1vyUG/xnnOczBqu7VvFZiVMoWrbNVyUS64w2niA==",
      "license": "Apache-2.0",
      "dependencies": {
        "@endo/base64": "^1.0.12",
        "@endo/compartment-mapper": "^2.1.0",
        "@endo/errors": "^1.3.1",
        "@endo/harden": "^1.1.0",
        "@endo/where": "^1.0.11",
        "ses": "^2.0.0"
      },
      "engines": {
        "node": ">=12"
      }
    },
    "node_modules/@endo/import-bundle/node_modules/ses": {
      "version": "2.0.0",
      "resolved": "https://registry.npmjs.org/ses/-/ses-2.0.0.tgz",
      "integrity": "sha512-Avcinq9dg/LS5W3YW+eRcpolfI0jXP4OsM/JJKCqyqHygUCqpNSsfn8YoNBmfyN2DkSMqjpbWvWPlfY1Jr4oXw==",
      "license": "Apache-2.0",
      "dependencies": {
        "@endo/cache-map": "^1.1.0",
        "@endo/env-options": "^1.1.11",
        "@endo/immutable-arraybuffer": "^1.1.2"
      }
    },
    "node_modules/@endo/init": {
      "version": "1.1.13",
      "resolved": "https://registry.npmjs.org/@endo/init/-/init-1.1.13.tgz",
      "integrity": "sha512-7I94pHD0ax+WDj5dP1MKgzgSY6/GsdwCc/Ap2zFY4lzhCO944zQ4MChAW2yX28QKJK80VyJzqoW5BQ56ngEHHA==",
      "license": "Apache-2.0",
      "dependencies": {
        "@endo/base64": "^1.0.12",
        "@endo/eventual-send": "^1.4.0",
        "@endo/harden": "^1.1.0",
        "@endo/lockdown": "^1.0.18",
        "@endo/promise-kit": "^1.2.0"
      }
    },
    "node_modules/@endo/lockdown": {
      "version": "1.0.19",
      "resolved": "https://registry.npmjs.org/@endo/lockdown/-/lockdown-1.0.19.tgz",
      "integrity": "sha512-pcc6TqTBlx43422gHFzS+FrUfyJlbDoWUrynp78Mv+FrIZv4947FPcfjlXolgwvO00alMlSYxfXrrXUV93ywaA==",
      "license": "Apache-2.0",
      "dependencies": {
        "ses": "^2.0.0"
      }
    },
    "node_modules/@endo/lockdown/node_modules/ses": {
      "version": "2.0.0",
      "resolved": "https://registry.npmjs.org/ses/-/ses-2.0.0.tgz",
      "integrity": "sha512-Avcinq9dg/LS5W3YW+eRcpolfI0jXP4OsM/JJKCqyqHygUCqpNSsfn8YoNBmfyN2DkSMqjpbWvWPlfY1Jr4oXw==",
      "license": "Apache-2.0",
      "dependencies": {
        "@endo/cache-map": "^1.1.0",
        "@endo/env-options": "^1.1.11",
        "@endo/immutable-arraybuffer": "^1.1.2"
      }
    },
    "node_modules/@endo/module-source": {
      "version": "1.4.1",
      "resolved": "https://registry.npmjs.org/@endo/module-source/-/module-source-1.4.1.tgz",
      "integrity": "sha512-FUR9U2QJBElNwVRES1uCrt097cR2D38c3WtvUigVoE8WrAzlAN4gSQfybIJKixpFMUSlGCerQm9AzqwZ0LsPHQ==",
      "license": "Apache-2.0",
      "dependencies": {
        "@babel/generator": "^7.28.3",
        "@babel/parser": "~7.28.3",
        "@babel/traverse": "~7.28.3",
        "@babel/types": "~7.28.2",
        "ses": "^2.0.0"
      }
    },
    "node_modules/@endo/module-source/node_modules/@babel/types": {
      "version": "7.28.6",
      "resolved": "https://registry.npmjs.org/@babel/types/-/types-7.28.6.tgz",
      "integrity": "sha512-0ZrskXVEHSWIqZM/sQZ4EV3jZJXRkio/WCxaqKZP1g//CEWEPSfeZFcms4XeKBCHU0ZKnIkdJeU/kF+eRp5lBg==",
      "license": "MIT",
      "dependencies": {
        "@babel/helper-string-parser": "^7.27.1",
        "@babel/helper-validator-identifier": "^7.28.5"
      },
      "engines": {
        "node": ">=6.9.0"
      }
    },
    "node_modules/@endo/module-source/node_modules/ses": {
      "version": "2.0.0",
      "resolved": "https://registry.npmjs.org/ses/-/ses-2.0.0.tgz",
      "integrity": "sha512-Avcinq9dg/LS5W3YW+eRcpolfI0jXP4OsM/JJKCqyqHygUCqpNSsfn8YoNBmfyN2DkSMqjpbWvWPlfY1Jr4oXw==",
      "license": "Apache-2.0",
      "dependencies": {
        "@endo/cache-map": "^1.1.0",
        "@endo/env-options": "^1.1.11",
        "@endo/immutable-arraybuffer": "^1.1.2"
      }
    },
    "node_modules/@endo/path-compare": {
      "version": "1.1.0",
      "resolved": "https://registry.npmjs.org/@endo/path-compare/-/path-compare-1.1.0.tgz",
      "integrity": "sha512-dKBykUBpZPLvvxB8CqOzSl1kJ9Bv4gzig34E5n2LQRj2xULaUjdgBm8DtMkORpIOPLrvJKWMoispwSlRXL/7OA==",
      "license": "Apache-2.0"
    },
    "node_modules/@endo/promise-kit": {
      "version": "1.2.1",
      "resolved": "https://registry.npmjs.org/@endo/promise-kit/-/promise-kit-1.2.1.tgz",
      "integrity": "sha512-1nyXBOuUnVo/i47On8RCXPaT/1RIsSpJ1sGBClfZrcTtnsJfj8fElEVlJIE8NFsQiZPLNANYI+i/NYi837+s0Q==",
      "license": "Apache-2.0",
      "dependencies": {
        "@endo/harden": "^1.1.0"
      },
      "engines": {
        "node": ">=11.0"
      }
    },
    "node_modules/@endo/trampoline": {
      "version": "1.0.5",
      "resolved": "https://registry.npmjs.org/@endo/trampoline/-/trampoline-1.0.5.tgz",
      "integrity": "sha512-75sXj6cvvJ7qpD8UVoUVTEQRay/X6y5OrFYH48iFEmTg1SJcEQlldjMI4mrvOyuHjtr+KnVlNr+zmrhAUtLm0w==",
      "license": "Apache-2.0"
    },
    "node_modules/@endo/where": {
      "version": "1.0.11",
      "resolved": "https://registry.npmjs.org/@endo/where/-/where-1.0.11.tgz",
      "integrity": "sha512-kkJmpwymkjjN3+UfTHiEZZsegevgxsZfXGOD9jBbAcFIH4VnPYYSqDMy+GZX1f6JgZxfooC1CWlACYtC7dBqwQ==",
      "license": "Apache-2.0"
    },
    "node_modules/@endo/zip": {
      "version": "1.1.0",
      "resolved": "https://registry.npmjs.org/@endo/zip/-/zip-1.1.0.tgz",
      "integrity": "sha512-gn/aUUROOxn9m48zT9JH9VQJOw+G4zcTYto2iqric38LKqrCDmxk6ZSDn0JpfST90rGoxY0XCShIeTO0nIxJTA==",
      "license": "Apache-2.0"
    },
    "node_modules/@jridgewell/gen-mapping": {
      "version": "0.3.13",
      "resolved": "https://registry.npmjs.org/@jridgewell/gen-mapping/-/gen-mapping-0.3.13.tgz",
      "integrity": "sha512-2kkt/7niJ6MgEPxF0bYdQ6etZaA+fQvDcLKckhy1yIQOzaoKjBBjSj63/aLVjYE3qhRt5dvM+uUyfCg6UKCBbA==",
      "license": "MIT",
      "dependencies": {
        "@jridgewell/sourcemap-codec": "^1.5.0",
        "@jridgewell/trace-mapping": "^0.3.24"
      }
    },
    "node_modules/@jridgewell/resolve-uri": {
      "version": "3.1.2",
      "resolved": "https://registry.npmjs.org/@jridgewell/resolve-uri/-/resolve-uri-3.1.2.tgz",
      "integrity": "sha512-bRISgCIjP20/tbWSPWMEi54QVPRZExkuD9lJL+UIxUKtwVJA8wW1Trb1jMs1RFXo1CBTNZ/5hpC9QvmKWdopKw==",
      "license": "MIT",
      "engines": {
        "node": ">=6.0.0"
      }
    },
    "node_modules/@jridgewell/sourcemap-codec": {
      "version": "1.5.5",
      "resolved": "https://registry.npmjs.org/@jridgewell/sourcemap-codec/-/sourcemap-codec-1.5.5.tgz",
      "integrity": "sha512-cYQ9310grqxueWbl+WuIUIaiUaDcj7WOq5fVhEljNVgRfOUhY9fy2zTvfoqWsnebh8Sl70VScFbICvJnLKB0Og==",
      "license": "MIT"
    },
    "node_modules/@jridgewell/trace-mapping": {
      "version": "0.3.31",
      "resolved": "https://registry.npmjs.org/@jridgewell/trace-mapping/-/trace-mapping-0.3.31.tgz",
      "integrity": "sha512-zzNR+SdQSDJzc8joaeP8QQoCQr8NuYx2dIIytl1QeBEZHJ9uW6hebsrYgbz8hJwUQao3TWCMtmfV8Nu1twOLAw==",
      "license": "MIT",
      "dependencies": {
        "@jridgewell/resolve-uri": "^3.1.0",
        "@jridgewell/sourcemap-codec": "^1.4.14"
      }
    },
    "node_modules/bignumber.js": {
      "version": "9.3.1",
      "resolved": "https://registry.npmjs.org/bignumber.js/-/bignumber.js-9.3.1.tgz",
      "integrity": "sha512-Ko0uX15oIUS7wJ3Rb30Fs6SkVbLmPBAKdlm7q9+ak9bbIeFf0MwuBsQV6z7+X768/cHsfg+WlysDWJcmthjsjQ==",
      "license": "MIT",
      "engines": {
        "node": "*"
      }
    },
    "node_modules/debug": {
      "version": "4.4.3",
      "resolved": "https://registry.npmjs.org/debug/-/debug-4.4.3.tgz",
      "integrity": "sha512-RGwwWnwQvkVfavKVt22FGLw+xYSdzARwm0ru6DhTVA3umU5hZc28V3kO4stgYryrTlLpuvgI9GiijltAjNbcqA==",
      "license": "MIT",
      "dependencies": {
        "ms": "^2.1.3"
      },
      "engines": {
        "node": ">=6.0"
      },
      "peerDependenciesMeta": {
        "supports-color": {
          "optional": true
        }
      }
    },
    "node_modules/js-tokens": {
      "version": "4.0.0",
      "resolved": "https://registry.npmjs.org/js-tokens/-/js-tokens-4.0.0.tgz",
      "integrity": "sha512-RdJUflcE3cUzKiMqQgsCu06FPu9UdIJO0beYbPhHN4k6apgJtifcoCtT9bcxOpYBtpD2kCM6Sbzg4CausW/PKQ==",
      "license": "MIT"
    },
    "node_modules/jsesc": {
      "version": "3.1.0",
      "resolved": "https://registry.npmjs.org/jsesc/-/jsesc-3.1.0.tgz",
      "integrity": "sha512-/sM3dO2FOzXjKQhJuo0Q173wf2KOo8t4I8vHy6lF9poUp7bKT0/NHE8fPX23PwfhnykfqnC2xRxOnVw5XuGIaA==",
      "license": "MIT",
      "bin": {
        "jsesc": "bin/jsesc"
      },
      "engines": {
        "node": ">=6"
      }
    },
    "node_modules/ms": {
      "version": "2.1.3",
      "resolved": "https://registry.npmjs.org/ms/-/ms-2.1.3.tgz",
      "integrity": "sha512-6FlzubTLZG3J2a/NVCAleEhjzq5oxgHyaCU9yYXvcLsvoVaHJq/s5xXI6/XXP6tz7R9xAOtHnSO/tXtF3WRTlA==",
      "license": "MIT"
    },
    "node_modules/picocolors": {
      "version": "1.1.1",
      "resolved": "https://registry.npmjs.org/picocolors/-/picocolors-1.1.1.tgz",
      "integrity": "sha512-xceH2snhtb5M9liqDsmEw56le376mTZkEX/jEb/RxNFyegNul7eNslCXP9FDj/Lcu0X8KEyMceP2ntpaHrDEVA==",
      "license": "ISC"
    },
    "node_modules/ses": {
      "version": "1.15.0",
      "resolved": "https://registry.npmjs.org/ses/-/ses-1.15.0.tgz",
      "integrity": "sha512-Y7RvgVXhkwQEqVActNn44QBxB2BCUbPfexAaMiUFjbJkDXDnxPisQC5jYQeWOZ3QBOfecnmLfPn0sQKLiYGBAQ==",
      "license": "Apache-2.0",
      "dependencies": {
        "@endo/cache-map": "^1.1.0",
        "@endo/env-options": "^1.1.11",
        "@endo/immutable-arraybuffer": "^1.1.2"
      }
    },
    "node_modules/ts-blank-space": {
      "version": "0.6.2",
      "resolved": "https://registry.npmjs.org/ts-blank-space/-/ts-blank-space-0.6.2.tgz",
      "integrity": "sha512-hZjcHdHrveEKI67v8OzI90a1bizgoDkY7ekE4fH89qJhZgxvmjfBOv98aibCU7OpKbvV3R9p/qd3DrzZqT1cFQ==",
      "license": "Apache-2.0",
      "dependencies": {
        "typescript": "5.1.6 - 5.9.x"
      },
      "engines": {
        "node": ">=18.0.0"
      }
    },
    "node_modules/typescript": {
      "version": "5.9.3",
      "resolved": "https://registry.npmjs.org/typescript/-/typescript-5.9.3.tgz",
      "integrity": "sha512-jl1vZzPDinLr9eUt3J/t7V6FgNEw9QjvBPdysz9KfQDD41fQrC2Y4vKQdiaUpFT4bXlb1RHhLpp8wtm6M5TgSw==",
      "license": "Apache-2.0",
      "bin": {
        "tsc": "bin/tsc",
        "tsserver": "bin/tsserver"
      },
      "engines": {
        "node": ">=14.17"
      }
    }
  }
}
